// !$*UTF8*$!
{
	archiveVersion = 1;
	classes = {
	};
	objectVersion = 50;
	objects = {

/* Begin PBXBuildFile section */
		5326E27D23A4D1C700F00F94 /* AppDelegate.swift in Sources */ = {isa = PBXBuildFile; fileRef = 5326E27C23A4D1C700F00F94 /* AppDelegate.swift */; };
		5326E28423A4D1C700F00F94 /* Main.storyboard in Resources */ = {isa = PBXBuildFile; fileRef = 5326E28223A4D1C700F00F94 /* Main.storyboard */; };
		5326E28623A4D1CB00F00F94 /* Assets.xcassets in Resources */ = {isa = PBXBuildFile; fileRef = 5326E28523A4D1CB00F00F94 /* Assets.xcassets */; };
		5326E28923A4D1CB00F00F94 /* LaunchScreen.storyboard in Resources */ = {isa = PBXBuildFile; fileRef = 5326E28723A4D1CB00F00F94 /* LaunchScreen.storyboard */; };
		5326E29423A4D48F00F00F94 /* ContentView.swift in Sources */ = {isa = PBXBuildFile; fileRef = 5326E29023A4D48F00F00F94 /* ContentView.swift */; };
		5326E29523A4D48F00F00F94 /* ViewController.swift in Sources */ = {isa = PBXBuildFile; fileRef = 5326E29123A4D48F00F00F94 /* ViewController.swift */; };
		5326E29623A4D48F00F00F94 /* CurrencyModel.swift in Sources */ = {isa = PBXBuildFile; fileRef = 5326E29223A4D48F00F00F94 /* CurrencyModel.swift */; };
		5326E29723A4D48F00F00F94 /* CurrencyDataCell.swift in Sources */ = {isa = PBXBuildFile; fileRef = 5326E29323A4D48F00F00F94 /* CurrencyDataCell.swift */; };
		5345EBD823A4E28B004D6F20 /* SceneDelegate.swift in Sources */ = {isa = PBXBuildFile; fileRef = 5345EBD723A4E28B004D6F20 /* SceneDelegate.swift */; };
		5345EBDE23A60986004D6F20 /* currencyCodeCell.swift in Sources */ = {isa = PBXBuildFile; fileRef = 5345EBDD23A60986004D6F20 /* currencyCodeCell.swift */; };
		5345EBE023A619A8004D6F20 /* ViewModel.swift in Sources */ = {isa = PBXBuildFile; fileRef = 5345EBDF23A619A8004D6F20 /* ViewModel.swift */; };
		5345EBE223A620DF004D6F20 /* ReadMe.md in Resources */ = {isa = PBXBuildFile; fileRef = 5345EBE123A620DF004D6F20 /* ReadMe.md */; };
		5345EBE423A622FB004D6F20 /* Utilities.swift in Sources */ = {isa = PBXBuildFile; fileRef = 5345EBE323A622FB004D6F20 /* Utilities.swift */; };
/* End PBXBuildFile section */

/* Begin PBXFileReference section */
		5326E27923A4D1C700F00F94 /* srbsfg.app */ = {isa = PBXFileReference; explicitFileType = wrapper.application; includeInIndex = 0; path = srbsfg.app; sourceTree = BUILT_PRODUCTS_DIR; };
		5326E27C23A4D1C700F00F94 /* AppDelegate.swift */ = {isa = PBXFileReference; lastKnownFileType = sourcecode.swift; path = AppDelegate.swift; sourceTree = "<group>"; };
		5326E28323A4D1C700F00F94 /* Base */ = {isa = PBXFileReference; lastKnownFileType = file.storyboard; name = Base; path = Base.lproj/Main.storyboard; sourceTree = "<group>"; };
		5326E28523A4D1CB00F00F94 /* Assets.xcassets */ = {isa = PBXFileReference; lastKnownFileType = folder.assetcatalog; path = Assets.xcassets; sourceTree = "<group>"; };
		5326E28823A4D1CB00F00F94 /* Base */ = {isa = PBXFileReference; lastKnownFileType = file.storyboard; name = Base; path = Base.lproj/LaunchScreen.storyboard; sourceTree = "<group>"; };
		5326E28A23A4D1CB00F00F94 /* Info.plist */ = {isa = PBXFileReference; lastKnownFileType = text.plist.xml; path = Info.plist; sourceTree = "<group>"; };
		5326E29023A4D48F00F00F94 /* ContentView.swift */ = {isa = PBXFileReference; fileEncoding = 4; lastKnownFileType = sourcecode.swift; path = ContentView.swift; sourceTree = "<group>"; };
		5326E29123A4D48F00F00F94 /* ViewController.swift */ = {isa = PBXFileReference; fileEncoding = 4; lastKnownFileType = sourcecode.swift; path = ViewController.swift; sourceTree = "<group>"; };
		5326E29223A4D48F00F00F94 /* CurrencyModel.swift */ = {isa = PBXFileReference; fileEncoding = 4; lastKnownFileType = sourcecode.swift; path = CurrencyModel.swift; sourceTree = "<group>"; };
		5326E29323A4D48F00F00F94 /* CurrencyDataCell.swift */ = {isa = PBXFileReference; fileEncoding = 4; lastKnownFileType = sourcecode.swift; path = CurrencyDataCell.swift; sourceTree = "<group>"; };
		5345EBD723A4E28B004D6F20 /* SceneDelegate.swift */ = {isa = PBXFileReference; fileEncoding = 4; lastKnownFileType = sourcecode.swift; path = SceneDelegate.swift; sourceTree = "<group>"; };
		5345EBDD23A60986004D6F20 /* currencyCodeCell.swift */ = {isa = PBXFileReference; lastKnownFileType = sourcecode.swift; path = currencyCodeCell.swift; sourceTree = "<group>"; };
		5345EBDF23A619A8004D6F20 /* ViewModel.swift */ = {isa = PBXFileReference; lastKnownFileType = sourcecode.swift; path = ViewModel.swift; sourceTree = "<group>"; };
		5345EBE123A620DF004D6F20 /* ReadMe.md */ = {isa = PBXFileReference; lastKnownFileType = net.daringfireball.markdown; path = ReadMe.md; sourceTree = "<group>"; };
		5345EBE323A622FB004D6F20 /* Utilities.swift */ = {isa = PBXFileReference; lastKnownFileType = sourcecode.swift; path = Utilities.swift; sourceTree = "<group>"; };
/* End PBXFileReference section */

/* Begin PBXFrameworksBuildPhase section */
		5326E27623A4D1C700F00F94 /* Frameworks */ = {
			isa = PBXFrameworksBuildPhase;
			buildActionMask = 2147483647;
			files = (
			);
			runOnlyForDeploymentPostprocessing = 0;
		};
/* End PBXFrameworksBuildPhase section */

/* Begin PBXGroup section */
		5326E27023A4D1C700F00F94 = {
			isa = PBXGroup;
			children = (
				5345EBE123A620DF004D6F20 /* ReadMe.md */,
				5326E27B23A4D1C700F00F94 /* srbsfg */,
				5326E27A23A4D1C700F00F94 /* Products */,
			);
			sourceTree = "<group>";
		};
		5326E27A23A4D1C700F00F94 /* Products */ = {
			isa = PBXGroup;
			children = (
				5326E27923A4D1C700F00F94 /* srbsfg.app */,
			);
			name = Products;
			sourceTree = "<group>";
		};
		5326E27B23A4D1C700F00F94 /* srbsfg */ = {
			isa = PBXGroup;
			children = (
				5345EBD723A4E28B004D6F20 /* SceneDelegate.swift */,
				5326E29023A4D48F00F00F94 /* ContentView.swift */,
				5326E29323A4D48F00F00F94 /* CurrencyDataCell.swift */,
				5326E29223A4D48F00F00F94 /* CurrencyModel.swift */,
				5326E29123A4D48F00F00F94 /* ViewController.swift */,
				5326E27C23A4D1C700F00F94 /* AppDelegate.swift */,
				5326E28223A4D1C700F00F94 /* Main.storyboard */,
				5326E28523A4D1CB00F00F94 /* Assets.xcassets */,
				5326E28723A4D1CB00F00F94 /* LaunchScreen.storyboard */,
				5326E28A23A4D1CB00F00F94 /* Info.plist */,
				5345EBDD23A60986004D6F20 /* currencyCodeCell.swift */,
				5345EBDF23A619A8004D6F20 /* ViewModel.swift */,
				5345EBE323A622FB004D6F20 /* Utilities.swift */,
			);
			path = srbsfg;
			sourceTree = "<group>";
		};
/* End PBXGroup section */

/* Begin PBXNativeTarget section */
		5326E27823A4D1C700F00F94 /* srbsfg */ = {
			isa = PBXNativeTarget;
			buildConfigurationList = 5326E28D23A4D1CB00F00F94 /* Build configuration list for PBXNativeTarget "srbsfg" */;
			buildPhases = (
				5326E27523A4D1C700F00F94 /* Sources */,
				5326E27623A4D1C700F00F94 /* Frameworks */,
				5326E27723A4D1C700F00F94 /* Resources */,
			);
			buildRules = (
			);
			dependencies = (
			);
			name = srbsfg;
			productName = srbsfg;
			productReference = 5326E27923A4D1C700F00F94 /* srbsfg.app */;
			productType = "com.apple.product-type.application";
		};
/* End PBXNativeTarget section */

/* Begin PBXProject section */
		5326E27123A4D1C700F00F94 /* Project object */ = {
			isa = PBXProject;
			attributes = {
				LastSwiftUpdateCheck = 1110;
				LastUpgradeCheck = 1110;
				ORGANIZATIONNAME = "Ravi Shankar S. V. V";
				TargetAttributes = {
					5326E27823A4D1C700F00F94 = {
						CreatedOnToolsVersion = 11.1;
					};
				};
			};
			buildConfigurationList = 5326E27423A4D1C700F00F94 /* Build configuration list for PBXProject "srbsfg" */;
			compatibilityVersion = "Xcode 9.3";
			developmentRegion = en;
			hasScannedForEncodings = 0;
			knownRegions = (
				en,
				Base,
			);
			mainGroup = 5326E27023A4D1C700F00F94;
			productRefGroup = 5326E27A23A4D1C700F00F94 /* Products */;
			projectDirPath = "";
			projectRoot = "";
			targets = (
				5326E27823A4D1C700F00F94 /* srbsfg */,
			);
		};
/* End PBXProject section */

/* Begin PBXResourcesBuildPhase section */
		5326E27723A4D1C700F00F94 /* Resources */ = {
			isa = PBXResourcesBuildPhase;
			buildActionMask = 2147483647;
			files = (
				5326E28923A4D1CB00F00F94 /* LaunchScreen.storyboard in Resources */,
				5326E28623A4D1CB00F00F94 /* Assets.xcassets in Resources */,
				5345EBE223A620DF004D6F20 /* ReadMe.md in Resources */,
				5326E28423A4D1C700F00F94 /* Main.storyboard in Resources */,
			);
			runOnlyForDeploymentPostprocessing = 0;
		};
/* End PBXResourcesBuildPhase section */

/* Begin PBXSourcesBuildPhase section */
		5326E27523A4D1C700F00F94 /* Sources */ = {
			isa = PBXSourcesBuildPhase;
			buildActionMask = 2147483647;
			files = (
				5326E29623A4D48F00F00F94 /* CurrencyModel.swift in Sources */,
				5345EBDE23A60986004D6F20 /* currencyCodeCell.swift in Sources */,
				5326E27D23A4D1C700F00F94 /* AppDelegate.swift in Sources */,
				5326E29523A4D48F00F00F94 /* ViewController.swift in Sources */,
				5326E29723A4D48F00F00F94 /* CurrencyDataCell.swift in Sources */,
				5326E29423A4D48F00F00F94 /* ContentView.swift in Sources */,
				5345EBE423A622FB004D6F20 /* Utilities.swift in Sources */,
				5345EBE023A619A8004D6F20 /* ViewModel.swift in Sources */,
				5345EBD823A4E28B004D6F20 /* SceneDelegate.swift in Sources */,
			);
			runOnlyForDeploymentPostprocessing = 0;
		};
/* End PBXSourcesBuildPhase section */

/* Begin PBXVariantGroup section */
		5326E28223A4D1C700F00F94 /* Main.storyboard */ = {
			isa = PBXVariantGroup;
			children = (
				5326E28323A4D1C700F00F94 /* Base */,
			);
			name = Main.storyboard;
			sourceTree = "<group>";
		};
		5326E28723A4D1CB00F00F94 /* LaunchScreen.storyboard */ = {
			isa = PBXVariantGroup;
			children = (
				5326E28823A4D1CB00F00F94 /* Base */,
			);
			name = LaunchScreen.storyboard;
			sourceTree = "<group>";
		};
/* End PBXVariantGroup section */

/* Begin XCBuildConfiguration section */
		5326E28B23A4D1CB00F00F94 /* Debug */ = {
			isa = XCBuildConfiguration;
			buildSettings = {
				ALWAYS_SEARCH_USER_PATHS = NO;
				CLANG_ANALYZER_NONNULL = YES;
				CLANG_ANALYZER_NUMBER_OBJECT_CONVERSION = YES_AGGRESSIVE;
				CLANG_CXX_LANGUAGE_STANDARD = "gnu++14";
				CLANG_CXX_LIBRARY = "libc++";
				CLANG_ENABLE_MODULES = YES;
				CLANG_ENABLE_OBJC_ARC = YES;
				CLANG_ENABLE_OBJC_WEAK = YES;
				CLANG_WARN_BLOCK_CAPTURE_AUTORELEASING = YES;
				CLANG_WARN_BOOL_CONVERSION = YES;
				CLANG_WARN_COMMA = YES;
				CLANG_WARN_CONSTANT_CONVERSION = YES;
				CLANG_WARN_DEPRECATED_OBJC_IMPLEMENTATIONS = YES;
				CLANG_WARN_DIRECT_OBJC_ISA_USAGE = YES_ERROR;
				CLANG_WARN_DOCUMENTATION_COMMENTS = YES;
				CLANG_WARN_EMPTY_BODY = YES;
				CLANG_WARN_ENUM_CONVERSION = YES;
				CLANG_WARN_INFINITE_RECURSION = YES;
				CLANG_WARN_INT_CONVERSION = YES;
				CLANG_WARN_NON_LITERAL_NULL_CONVERSION = YES;
				CLANG_WARN_OBJC_IMPLICIT_RETAIN_SELF = YES;
				CLANG_WARN_OBJC_LITERAL_CONVERSION = YES;
				CLANG_WARN_OBJC_ROOT_CLASS = YES_ERROR;
				CLANG_WARN_RANGE_LOOP_ANALYSIS = YES;
				CLANG_WARN_STRICT_PROTOTYPES = YES;
				CLANG_WARN_SUSPICIOUS_MOVE = YES;
				CLANG_WARN_UNGUARDED_AVAILABILITY = YES_AGGRESSIVE;
				CLANG_WARN_UNREACHABLE_CODE = YES;
				CLANG_WARN__DUPLICATE_METHOD_MATCH = YES;
				COPY_PHASE_STRIP = NO;
				DEBUG_INFORMATION_FORMAT = dwarf;
				ENABLE_STRICT_OBJC_MSGSEND = YES;
				ENABLE_TESTABILITY = YES;
				GCC_C_LANGUAGE_STANDARD = gnu11;
				GCC_DYNAMIC_NO_PIC = NO;
				GCC_NO_COMMON_BLOCKS = YES;
				GCC_OPTIMIZATION_LEVEL = 0;
				GCC_PREPROCESSOR_DEFINITIONS = (
					"DEBUG=1",
					"$(inherited)",
				);
				GCC_WARN_64_TO_32_BIT_CONVERSION = YES;
				GCC_WARN_ABOUT_RETURN_TYPE = YES_ERROR;
				GCC_WARN_UNDECLARED_SELECTOR = YES;
				GCC_WARN_UNINITIALIZED_AUTOS = YES_AGGRESSIVE;
				GCC_WARN_UNUSED_FUNCTION = YES;
				GCC_WARN_UNUSED_VARIABLE = YES;
				IPHONEOS_DEPLOYMENT_TARGET = 13.1;
				MTL_ENABLE_DEBUG_INFO = INCLUDE_SOURCE;
				MTL_FAST_MATH = YES;
				ONLY_ACTIVE_ARCH = YES;
				SDKROOT = iphoneos;
				SWIFT_ACTIVE_COMPILATION_CONDITIONS = DEBUG;
				SWIFT_OPTIMIZATION_LEVEL = "-Onone";
			};
			name = Debug;
		};
		5326E28C23A4D1CB00F00F94 /* Release */ = {
			isa = XCBuildConfiguration;
			buildSettings = {
				ALWAYS_SEARCH_USER_PATHS = NO;
				CLANG_ANALYZER_NONNULL = YES;
				CLANG_ANALYZER_NUMBER_OBJECT_CONVERSION = YES_AGGRESSIVE;
				CLANG_CXX_LANGUAGE_STANDARD = "gnu++14";
				CLANG_CXX_LIBRARY = "libc++";
				CLANG_ENABLE_MODULES = YES;
				CLANG_ENABLE_OBJC_ARC = YES;
				CLANG_ENABLE_OBJC_WEAK = YES;
				CLANG_WARN_BLOCK_CAPTURE_AUTORELEASING = YES;
				CLANG_WARN_BOOL_CONVERSION = YES;
				CLANG_WARN_COMMA = YES;
				CLANG_WARN_CONSTANT_CONVERSION = YES;
				CLANG_WARN_DEPRECATED_OBJC_IMPLEMENTATIONS = YES;
				CLANG_WARN_DIRECT_OBJC_ISA_USAGE = YES_ERROR;
				CLANG_WARN_DOCUMENTATION_COMMENTS = YES;
				CLANG_WARN_EMPTY_BODY = YES;
				CLANG_WARN_ENUM_CONVERSION = YES;
				CLANG_WARN_INFINITE_RECURSION = YES;
				CLANG_WARN_INT_CONVERSION = YES;
				CLANG_WARN_NON_LITERAL_NULL_CONVERSION = YES;
				CLANG_WARN_OBJC_IMPLICIT_RETAIN_SELF = YES;
				CLANG_WARN_OBJC_LITERAL_CONVERSION = YES;
				CLANG_WARN_OBJC_ROOT_CLASS = YES_ERROR;
				CLANG_WARN_RANGE_LOOP_ANALYSIS = YES;
				CLANG_WARN_STRICT_PROTOTYPES = YES;
				CLANG_WARN_SUSPICIOUS_MOVE = YES;
				CLANG_WARN_UNGUARDED_AVAILABILITY = YES_AGGRESSIVE;
				CLANG_WARN_UNREACHABLE_CODE = YES;
				CLANG_WARN__DUPLICATE_METHOD_MATCH = YES;
				COPY_PHASE_STRIP = NO;
				DEBUG_INFORMATION_FORMAT = "dwarf-with-dsym";
				ENABLE_NS_ASSERTIONS = NO;
				ENABLE_STRICT_OBJC_MSGSEND = YES;
				GCC_C_LANGUAGE_STANDARD = gnu11;
				GCC_NO_COMMON_BLOCKS = YES;
				GCC_WARN_64_TO_32_BIT_CONVERSION = YES;
				GCC_WARN_ABOUT_RETURN_TYPE = YES_ERROR;
				GCC_WARN_UNDECLARED_SELECTOR = YES;
				GCC_WARN_UNINITIALIZED_AUTOS = YES_AGGRESSIVE;
				GCC_WARN_UNUSED_FUNCTION = YES;
				GCC_WARN_UNUSED_VARIABLE = YES;
				IPHONEOS_DEPLOYMENT_TARGET = 13.1;
				MTL_ENABLE_DEBUG_INFO = NO;
				MTL_FAST_MATH = YES;
				SDKROOT = iphoneos;
				SWIFT_COMPILATION_MODE = wholemodule;
				SWIFT_OPTIMIZATION_LEVEL = "-O";
				VALIDATE_PRODUCT = YES;
			};
			name = Release;
		};
		5326E28E23A4D1CB00F00F94 /* Debug */ = {
			isa = XCBuildConfiguration;
			buildSettings = {
				ASSETCATALOG_COMPILER_APPICON_NAME = AppIcon;
				CODE_SIGN_STYLE = Automatic;
				INFOPLIST_FILE = srbsfg/Info.plist;
				LD_RUNPATH_SEARCH_PATHS = (
					"$(inherited)",
					"@executable_path/Frameworks",
				);
				PRODUCT_BUNDLE_IDENTIFIER = ravi.srbsfg;
				PRODUCT_NAME = "$(TARGET_NAME)";
				SWIFT_VERSION = 5.0;
				TARGETED_DEVICE_FAMILY = "1,2";
			};
			name = Debug;
		};
		5326E28F23A4D1CB00F00F94 /* Release */ = {
			isa = XCBuildConfiguration;
			buildSettings = {
				ASSETCATALOG_COMPILER_APPICON_NAME = AppIcon;
				CODE_SIGN_STYLE = Automatic;
				INFOPLIST_FILE = srbsfg/Info.plist;
				LD_RUNPATH_SEARCH_PATHS = (
					"$(inherited)",
					"@executable_path/Frameworks",
				);
				PRODUCT_BUNDLE_IDENTIFIER = ravi.srbsfg;
				PRODUCT_NAME = "$(TARGET_NAME)";
				SWIFT_VERSION = 5.0;
				TARGETED_DEVICE_FAMILY = "1,2";
			};
			name = Release;
		};
/* End XCBuildConfiguration section */

/* Begin XCConfigurationList section */
		5326E27423A4D1C700F00F94 /* Build configuration list for PBXProject "srbsfg" */ = {
			isa = XCConfigurationList;
			buildConfigurations = (
				5326E28B23A4D1CB00F00F94 /* Debug */,
				5326E28C23A4D1CB00F00F94 /* Release */,
			);
			defaultConfigurationIsVisible = 0;
			defaultConfigurationName = Release;
		};
		5326E28D23A4D1CB00F00F94 /* Build configuration list for PBXNativeTarget "srbsfg" */ = {
			isa = XCConfigurationList;
			buildConfigurations = (
				5326E28E23A4D1CB00F00F94 /* Debug */,
				5326E28F23A4D1CB00F00F94 /* Release */,
			);
			defaultConfigurationIsVisible = 0;
			defaultConfigurationName = Release;
		};
/* End XCConfigurationList section */
	};
	rootObject = 5326E27123A4D1C700F00F94 /* Project object */;
}
